
Microsoft Visual Studio Solution File, Format Version 12.00
# Visual Studio 15
VisualStudioVersion = 15.0.28307.329
MinimumVisualStudioVersion = 10.0.40219.1
Project("{FAE04EC0-301F-11D3-BF4B-00C04F79EFBC}") = "BIM360Issues", "BIM360Issues\BIM360Issues.csproj", "{87C28B89-33CF-4A5D-A7A7-9215AB24ACA1}"
EndProject
Global
	GlobalSection(SolutionConfigurationPlatforms) = preSolution
		Debug|Any CPU = Debug|Any CPU
		Release|Any CPU = Release|Any CPU
	EndGlobalSection
	GlobalSection(ProjectConfigurationPlatforms) = postSolution
		{87C28B89-33CF-4A5D-A7A7-9215AB24ACA1}.Debug|Any CPU.ActiveCfg = Debug|Any CPU
		{87C28B89-33CF-4A5D-A7A7-9215AB24ACA1}.Debug|Any CPU.Build.0 = Debug|Any CPU
		{87C28B89-33CF-4A5D-A7A7-9215AB24ACA1}.Release|Any CPU.ActiveCfg = Release|Any CPU
		{87C28B89-33CF-4A5D-A7A7-9215AB24ACA1}.Release|Any CPU.Build.0 = Release|Any CPU
	EndGlobalSection
	GlobalSection(SolutionProperties) = preSolution
		HideSolutionNode = FALSE
	EndGlobalSection
	GlobalSection(ExtensibilityGlobals) = postSolution
		SolutionGuid = {46954A22-427C-49A4-94E1-5AF86D9D5475}
	EndGlobalSection
EndGlobal
